
Microsoft Visual Studio Solution File, Format Version 12.00
# Visual Studio 2013
VisualStudioVersion = 12.0.21005.1
MinimumVisualStudioVersion = 10.0.40219.1
Project("{FAE04EC0-301F-11D3-BF4B-00C04F79EFBC}") = "Imager", "Imager\Imager.csproj", "{ECFFB931-D093-4652-BC43-1740F9A38242}"
EndProject
Project("{FAE04EC0-301F-11D3-BF4B-00C04F79EFBC}") = "Imager.Tests", "Imager.Tests\Imager.Tests.csproj", "{6F16CCCE-9BC7-4CD1-848A-4DF9C8D9FC38}"
EndProject
Global
	GlobalSection(SolutionConfigurationPlatforms) = preSolution
		Debug|Any CPU = Debug|Any CPU
		Release|Any CPU = Release|Any CPU
	EndGlobalSection
	GlobalSection(ProjectConfigurationPlatforms) = postSolution
		{ECFFB931-D093-4652-BC43-1740F9A38242}.Debug|Any CPU.ActiveCfg = Debug|Any CPU
		{ECFFB931-D093-4652-BC43-1740F9A38242}.Debug|Any CPU.Build.0 = Debug|Any CPU
		{ECFFB931-D093-4652-BC43-1740F9A38242}.Release|Any CPU.ActiveCfg = Release|Any CPU
		{ECFFB931-D093-4652-BC43-1740F9A38242}.Release|Any CPU.Build.0 = Release|Any CPU
		{6F16CCCE-9BC7-4CD1-848A-4DF9C8D9FC38}.Debug|Any CPU.ActiveCfg = Debug|Any CPU
		{6F16CCCE-9BC7-4CD1-848A-4DF9C8D9FC38}.Debug|Any CPU.Build.0 = Debug|Any CPU
		{6F16CCCE-9BC7-4CD1-848A-4DF9C8D9FC38}.Release|Any CPU.ActiveCfg = Release|Any CPU
		{6F16CCCE-9BC7-4CD1-848A-4DF9C8D9FC38}.Release|Any CPU.Build.0 = Release|Any CPU
	EndGlobalSection
	GlobalSection(SolutionProperties) = preSolution
		HideSolutionNode = FALSE
	EndGlobalSection
EndGlobal
